// !$*UTF8*$!
{
	archiveVersion = 1;
	classes = {
	};
	objectVersion = 48;
	objects = {

/* Begin PBXBuildFile section */
		1402053C1F99D25100E833CB /* SendMessageTextView.swift in Sources */ = {isa = PBXBuildFile; fileRef = 1402053B1F99D25100E833CB /* SendMessageTextView.swift */; };
		140A90471F86B17C007C3F85 /* CustomKerningLabel.swift in Sources */ = {isa = PBXBuildFile; fileRef = 140A90461F86B17C007C3F85 /* CustomKerningLabel.swift */; };
		140D1B711F810E3A006F2AEA /* DesignableCorners.swift in Sources */ = {isa = PBXBuildFile; fileRef = 140D1B701F810E3A006F2AEA /* DesignableCorners.swift */; };
		140D1B731F810F78006F2AEA /* DesignableButton.swift in Sources */ = {isa = PBXBuildFile; fileRef = 140D1B721F810F78006F2AEA /* DesignableButton.swift */; };
		141CC2C01FC9D3A400FB2AC3 /* SendButton.swift in Sources */ = {isa = PBXBuildFile; fileRef = 141CC2BF1FC9D3A400FB2AC3 /* SendButton.swift */; };
		1436B5B41F815C670099E508 /* DesignableBorder.swift in Sources */ = {isa = PBXBuildFile; fileRef = 1436B5B31F815C670099E508 /* DesignableBorder.swift */; };
		1436B5B61F8169950099E508 /* ProfileImageButton.swift in Sources */ = {isa = PBXBuildFile; fileRef = 1436B5B51F8169950099E508 /* ProfileImageButton.swift */; };
		1440E7781F86A47F0000A1F1 /* ConversationsListViewController.swift in Sources */ = {isa = PBXBuildFile; fileRef = 1440E7771F86A47F0000A1F1 /* ConversationsListViewController.swift */; };
		1440E77B1F86A50E0000A1F1 /* ConversationViewController.swift in Sources */ = {isa = PBXBuildFile; fileRef = 1440E77A1F86A50E0000A1F1 /* ConversationViewController.swift */; };
		1440E77D1F86A5F10000A1F1 /* ConversationCellConfiguration.swift in Sources */ = {isa = PBXBuildFile; fileRef = 1440E77C1F86A5F10000A1F1 /* ConversationCellConfiguration.swift */; };
		1440E7821F86AB8E0000A1F1 /* ConversationsList.storyboard in Resources */ = {isa = PBXBuildFile; fileRef = 1440E7811F86AB8E0000A1F1 /* ConversationsList.storyboard */; };
		1442AE5C1F9398EF0016CC3A /* DesignableBackgroundColor.swift in Sources */ = {isa = PBXBuildFile; fileRef = 1442AE5B1F9398EF0016CC3A /* DesignableBackgroundColor.swift */; };
		14484ED51FA4DA09008113E8 /* IConversationModel.swift in Sources */ = {isa = PBXBuildFile; fileRef = 14484ED41FA4DA09008113E8 /* IConversationModel.swift */; };
		14484ED71FA4DEA5008113E8 /* ConversationAssembly.swift in Sources */ = {isa = PBXBuildFile; fileRef = 14484ED61FA4DEA5008113E8 /* ConversationAssembly.swift */; };
		14484ED91FA4DF85008113E8 /* ConversationModel.swift in Sources */ = {isa = PBXBuildFile; fileRef = 14484ED81FA4DF85008113E8 /* ConversationModel.swift */; };
		144D53D61F8771FB002D0764 /* Conversation.storyboard in Resources */ = {isa = PBXBuildFile; fileRef = 144D53D51F8771FB002D0764 /* Conversation.storyboard */; };
		144D53D81F87798C002D0764 /* MessageCell.swift in Sources */ = {isa = PBXBuildFile; fileRef = 144D53D71F87798C002D0764 /* MessageCell.swift */; };
		145108491F92AE920094CADD /* ProfileModel.swift in Sources */ = {isa = PBXBuildFile; fileRef = 145108481F92AE920094CADD /* ProfileModel.swift */; };
		1459633F1F98D2E600091DF2 /* ICommunicator.swift in Sources */ = {isa = PBXBuildFile; fileRef = 1459633E1F98D2E600091DF2 /* ICommunicator.swift */; };
		145963431F98D52A00091DF2 /* MultipeerCommunicator.swift in Sources */ = {isa = PBXBuildFile; fileRef = 145963421F98D52A00091DF2 /* MultipeerCommunicator.swift */; };
		145963491F98E25D00091DF2 /* CommunicationService.swift in Sources */ = {isa = PBXBuildFile; fileRef = 145963481F98E25D00091DF2 /* CommunicationService.swift */; };
		1459634C1F9924A200091DF2 /* SendMessageViewController.swift in Sources */ = {isa = PBXBuildFile; fileRef = 1459634B1F9924A200091DF2 /* SendMessageViewController.swift */; };
		145D4BD61FB605E00046D1E4 /* Conversation.swift in Sources */ = {isa = PBXBuildFile; fileRef = 145D4BD51FB605E00046D1E4 /* Conversation.swift */; };
		145D4BDA1FB60D630046D1E4 /* IdentifierGenerator.swift in Sources */ = {isa = PBXBuildFile; fileRef = 145D4BD91FB60D630046D1E4 /* IdentifierGenerator.swift */; };
		146215291FA47A530027B092 /* ConversationsListAssembly.swift in Sources */ = {isa = PBXBuildFile; fileRef = 146215281FA47A530027B092 /* ConversationsListAssembly.swift */; };
		1477E80A1FA794F700EE0ED5 /* ProfileAssembly.swift in Sources */ = {isa = PBXBuildFile; fileRef = 1477E8091FA794F700EE0ED5 /* ProfileAssembly.swift */; };
		147FBB661FACE31A001101AE /* Model.xcdatamodeld in Sources */ = {isa = PBXBuildFile; fileRef = 147FBB641FACE31A001101AE /* Model.xcdatamodeld */; };
		147FBB691FACF41A001101AE /* AppUser.swift in Sources */ = {isa = PBXBuildFile; fileRef = 147FBB681FACF41A001101AE /* AppUser.swift */; };
		147FBB6B1FACF81B001101AE /* User.swift in Sources */ = {isa = PBXBuildFile; fileRef = 147FBB6A1FACF81B001101AE /* User.swift */; };
		148965011FCBF0E9000D0478 /* ConversationTitleLabel.swift in Sources */ = {isa = PBXBuildFile; fileRef = 148965001FCBF0E9000D0478 /* ConversationTitleLabel.swift */; };
		148965031FCC2D12000D0478 /* EmittingWindow.swift in Sources */ = {isa = PBXBuildFile; fileRef = 148965021FCC2D12000D0478 /* EmittingWindow.swift */; };
		148965061FCC2E25000D0478 /* Emitter.swift in Sources */ = {isa = PBXBuildFile; fileRef = 148965051FCC2E25000D0478 /* Emitter.swift */; };
		148FA89E1F86B9D200888C3E /* DesignableImageView.swift in Sources */ = {isa = PBXBuildFile; fileRef = 148FA89D1F86B9D200888C3E /* DesignableImageView.swift */; };
		1493CB6F1F72CBA900C544E9 /* AppDelegate.swift in Sources */ = {isa = PBXBuildFile; fileRef = 1493CB6E1F72CBA900C544E9 /* AppDelegate.swift */; };
		1493CB741F72CBA900C544E9 /* Profile.storyboard in Resources */ = {isa = PBXBuildFile; fileRef = 1493CB721F72CBA900C544E9 /* Profile.storyboard */; };
		1493CB761F72CBA900C544E9 /* Assets.xcassets in Resources */ = {isa = PBXBuildFile; fileRef = 1493CB751F72CBA900C544E9 /* Assets.xcassets */; };
		1493CB791F72CBA900C544E9 /* LaunchScreen.storyboard in Resources */ = {isa = PBXBuildFile; fileRef = 1493CB771F72CBA900C544E9 /* LaunchScreen.storyboard */; };
		1493CB811F72D1A800C544E9 /* Media.xcassets in Resources */ = {isa = PBXBuildFile; fileRef = 1493CB801F72D1A800C544E9 /* Media.xcassets */; };
		14A756011FA3A96F00F42106 /* RootAssembly.swift in Sources */ = {isa = PBXBuildFile; fileRef = 14A756001FA3A96F00F42106 /* RootAssembly.swift */; };
		14A7560A1FA3BED800F42106 /* MessageEncoder.swift in Sources */ = {isa = PBXBuildFile; fileRef = 14A756091FA3BED800F42106 /* MessageEncoder.swift */; };
		14A7560C1FA3C03600F42106 /* MessageHandler.swift in Sources */ = {isa = PBXBuildFile; fileRef = 14A7560B1FA3C03600F42106 /* MessageHandler.swift */; };
		14A756101FA3CA1000F42106 /* MessageDecoder.swift in Sources */ = {isa = PBXBuildFile; fileRef = 14A7560F1FA3CA1000F42106 /* MessageDecoder.swift */; };
		14ABB0EB1FA66B4C0077D42E /* Date+Extensions.swift in Sources */ = {isa = PBXBuildFile; fileRef = 14ABB0EA1FA66B4C0077D42E /* Date+Extensions.swift */; };
		14AC4F151FB9CC81006DDFFB /* FetchedResultsConversationHelper.swift in Sources */ = {isa = PBXBuildFile; fileRef = 14AC4F141FB9CC81006DDFFB /* FetchedResultsConversationHelper.swift */; };
		14AC4F171FB9CF88006DDFFB /* FetchedResultsConversationListHelper.swift in Sources */ = {isa = PBXBuildFile; fileRef = 14AC4F161FB9CF88006DDFFB /* FetchedResultsConversationListHelper.swift */; };
		14ACCB6C1FA6100500B9F79F /* ConversationsListModel.swift in Sources */ = {isa = PBXBuildFile; fileRef = 14ACCB6B1FA6100500B9F79F /* ConversationsListModel.swift */; };
		14B2EADE1FABAF8100421528 /* CoreDataStack.swift in Sources */ = {isa = PBXBuildFile; fileRef = 14B2EADD1FABAF8100421528 /* CoreDataStack.swift */; };
		14B2FC841FAF440F00302AD1 /* StorageManager.swift in Sources */ = {isa = PBXBuildFile; fileRef = 14B2FC831FAF440F00302AD1 /* StorageManager.swift */; };
		14B50CB31F7C10AF004E5E81 /* ProfileViewController.swift in Sources */ = {isa = PBXBuildFile; fileRef = 14B50CB21F7C10AF004E5E81 /* ProfileViewController.swift */; };
		14E6B05D1FBE145800FCD310 /* IRequest.swift in Sources */ = {isa = PBXBuildFile; fileRef = 14E6B05C1FBE145800FCD310 /* IRequest.swift */; };
		14E6B05F1FBE145F00FCD310 /* AnyParser.swift in Sources */ = {isa = PBXBuildFile; fileRef = 14E6B05E1FBE145F00FCD310 /* AnyParser.swift */; };
		14E6B0641FBE166600FCD310 /* IRequestSender.swift in Sources */ = {isa = PBXBuildFile; fileRef = 14E6B0631FBE166600FCD310 /* IRequestSender.swift */; };
		14E6B0661FBECCEB00FCD310 /* RequestSender.swift in Sources */ = {isa = PBXBuildFile; fileRef = 14E6B0651FBECCEB00FCD310 /* RequestSender.swift */; };
		14E6B0681FBED1B500FCD310 /* PixabayAPIRequest.swift in Sources */ = {isa = PBXBuildFile; fileRef = 14E6B0671FBED1B500FCD310 /* PixabayAPIRequest.swift */; };
		14E6B06A1FBEDD3500FCD310 /* PixabayImageListRequest.swift in Sources */ = {isa = PBXBuildFile; fileRef = 14E6B0691FBEDD3500FCD310 /* PixabayImageListRequest.swift */; };
		14E6B06C1FBEE88200FCD310 /* RequestsFactory.swift in Sources */ = {isa = PBXBuildFile; fileRef = 14E6B06B1FBEE88200FCD310 /* RequestsFactory.swift */; };
		14E6B06E1FBEE95300FCD310 /* PixabayImageListParser.swift in Sources */ = {isa = PBXBuildFile; fileRef = 14E6B06D1FBEE95300FCD310 /* PixabayImageListParser.swift */; };
		14E6B0701FBF1EAE00FCD310 /* ProfileImageLoaderService.swift in Sources */ = {isa = PBXBuildFile; fileRef = 14E6B06F1FBF1EAE00FCD310 /* ProfileImageLoaderService.swift */; };
		14E6B0771FC01E7D00FCD310 /* ProfileImagePickerViewController.swift in Sources */ = {isa = PBXBuildFile; fileRef = 14E6B0761FC01E7D00FCD310 /* ProfileImagePickerViewController.swift */; };
		14E6B0791FC01E8A00FCD310 /* ProfileImagePickerModel.swift in Sources */ = {isa = PBXBuildFile; fileRef = 14E6B0781FC01E8A00FCD310 /* ProfileImagePickerModel.swift */; };
		14E6B07B1FC01F2800FCD310 /* ProfileImagePicker.storyboard in Resources */ = {isa = PBXBuildFile; fileRef = 14E6B07A1FC01F2800FCD310 /* ProfileImagePicker.storyboard */; };
		14E6B07D1FC020D500FCD310 /* ProfileImageCell.swift in Sources */ = {isa = PBXBuildFile; fileRef = 14E6B07C1FC020D500FCD310 /* ProfileImageCell.swift */; };
		14E6B0831FC041F900FCD310 /* ProfileImagePickerAssembly.swift in Sources */ = {isa = PBXBuildFile; fileRef = 14E6B0821FC041F900FCD310 /* ProfileImagePickerAssembly.swift */; };
		14E6B0851FC0570D00FCD310 /* LoadImageRequest.swift in Sources */ = {isa = PBXBuildFile; fileRef = 14E6B0841FC0570D00FCD310 /* LoadImageRequest.swift */; };
		14E6B0871FC0581700FCD310 /* PixabayLoadImageParser.swift in Sources */ = {isa = PBXBuildFile; fileRef = 14E6B0861FC0581700FCD310 /* PixabayLoadImageParser.swift */; };
		14EF57141FB8941800ACC8DD /* ConversationStorageService.swift in Sources */ = {isa = PBXBuildFile; fileRef = 14EF57131FB8941800ACC8DD /* ConversationStorageService.swift */; };
		14EF57181FB8A83200ACC8DD /* Message.swift in Sources */ = {isa = PBXBuildFile; fileRef = 14EF57171FB8A83200ACC8DD /* Message.swift */; };
		14EFBD421F8AE5D200228E4B /* ConversationCell.swift in Sources */ = {isa = PBXBuildFile; fileRef = 14EFBD411F8AE5D200228E4B /* ConversationCell.swift */; };
		14F132FE1FA73A2700D0228C /* ProfileViewModel.swift in Sources */ = {isa = PBXBuildFile; fileRef = 14F132FD1FA73A2700D0228C /* ProfileViewModel.swift */; };
		14F133041FA7416000D0228C /* ProfileStorageModel.swift in Sources */ = {isa = PBXBuildFile; fileRef = 14F133031FA7416000D0228C /* ProfileStorageModel.swift */; };
		14F133081FA7427200D0228C /* ProfileStorageService.swift in Sources */ = {isa = PBXBuildFile; fileRef = 14F133071FA7427200D0228C /* ProfileStorageService.swift */; };
/* End PBXBuildFile section */

/* Begin PBXFileReference section */
		1402053B1F99D25100E833CB /* SendMessageTextView.swift */ = {isa = PBXFileReference; lastKnownFileType = sourcecode.swift; path = SendMessageTextView.swift; sourceTree = "<group>"; };
		140A90461F86B17C007C3F85 /* CustomKerningLabel.swift */ = {isa = PBXFileReference; lastKnownFileType = sourcecode.swift; path = CustomKerningLabel.swift; sourceTree = "<group>"; };
		140D1B701F810E3A006F2AEA /* DesignableCorners.swift */ = {isa = PBXFileReference; lastKnownFileType = sourcecode.swift; path = DesignableCorners.swift; sourceTree = "<group>"; };
		140D1B721F810F78006F2AEA /* DesignableButton.swift */ = {isa = PBXFileReference; lastKnownFileType = sourcecode.swift; path = DesignableButton.swift; sourceTree = "<group>"; };
		141CC2BF1FC9D3A400FB2AC3 /* SendButton.swift */ = {isa = PBXFileReference; lastKnownFileType = sourcecode.swift; path = SendButton.swift; sourceTree = "<group>"; };
		1436B5B31F815C670099E508 /* DesignableBorder.swift */ = {isa = PBXFileReference; lastKnownFileType = sourcecode.swift; path = DesignableBorder.swift; sourceTree = "<group>"; };
		1436B5B51F8169950099E508 /* ProfileImageButton.swift */ = {isa = PBXFileReference; lastKnownFileType = sourcecode.swift; path = ProfileImageButton.swift; sourceTree = "<group>"; };
		1440E7771F86A47F0000A1F1 /* ConversationsListViewController.swift */ = {isa = PBXFileReference; lastKnownFileType = sourcecode.swift; path = ConversationsListViewController.swift; sourceTree = "<group>"; };
		1440E77A1F86A50E0000A1F1 /* ConversationViewController.swift */ = {isa = PBXFileReference; lastKnownFileType = sourcecode.swift; path = ConversationViewController.swift; sourceTree = "<group>"; };
		1440E77C1F86A5F10000A1F1 /* ConversationCellConfiguration.swift */ = {isa = PBXFileReference; lastKnownFileType = sourcecode.swift; path = ConversationCellConfiguration.swift; sourceTree = "<group>"; };
		1440E7811F86AB8E0000A1F1 /* ConversationsList.storyboard */ = {isa = PBXFileReference; lastKnownFileType = file.storyboard; path = ConversationsList.storyboard; sourceTree = "<group>"; };
		1442AE5B1F9398EF0016CC3A /* DesignableBackgroundColor.swift */ = {isa = PBXFileReference; lastKnownFileType = sourcecode.swift; path = DesignableBackgroundColor.swift; sourceTree = "<group>"; };
		14484ED41FA4DA09008113E8 /* IConversationModel.swift */ = {isa = PBXFileReference; lastKnownFileType = sourcecode.swift; path = IConversationModel.swift; sourceTree = "<group>"; };
		14484ED61FA4DEA5008113E8 /* ConversationAssembly.swift */ = {isa = PBXFileReference; lastKnownFileType = sourcecode.swift; path = ConversationAssembly.swift; sourceTree = "<group>"; };
		14484ED81FA4DF85008113E8 /* ConversationModel.swift */ = {isa = PBXFileReference; lastKnownFileType = sourcecode.swift; path = ConversationModel.swift; sourceTree = "<group>"; };
		144D53D51F8771FB002D0764 /* Conversation.storyboard */ = {isa = PBXFileReference; lastKnownFileType = file.storyboard; path = Conversation.storyboard; sourceTree = "<group>"; };
		144D53D71F87798C002D0764 /* MessageCell.swift */ = {isa = PBXFileReference; lastKnownFileType = sourcecode.swift; path = MessageCell.swift; sourceTree = "<group>"; };
		145108481F92AE920094CADD /* ProfileModel.swift */ = {isa = PBXFileReference; lastKnownFileType = sourcecode.swift; path = ProfileModel.swift; sourceTree = "<group>"; };
		1459633E1F98D2E600091DF2 /* ICommunicator.swift */ = {isa = PBXFileReference; lastKnownFileType = sourcecode.swift; path = ICommunicator.swift; sourceTree = "<group>"; };
		145963421F98D52A00091DF2 /* MultipeerCommunicator.swift */ = {isa = PBXFileReference; lastKnownFileType = sourcecode.swift; path = MultipeerCommunicator.swift; sourceTree = "<group>"; };
		145963481F98E25D00091DF2 /* CommunicationService.swift */ = {isa = PBXFileReference; lastKnownFileType = sourcecode.swift; path = CommunicationService.swift; sourceTree = "<group>"; };
		1459634B1F9924A200091DF2 /* SendMessageViewController.swift */ = {isa = PBXFileReference; lastKnownFileType = sourcecode.swift; path = SendMessageViewController.swift; sourceTree = "<group>"; };
		145D4BD51FB605E00046D1E4 /* Conversation.swift */ = {isa = PBXFileReference; lastKnownFileType = sourcecode.swift; path = Conversation.swift; sourceTree = "<group>"; };
		145D4BD91FB60D630046D1E4 /* IdentifierGenerator.swift */ = {isa = PBXFileReference; lastKnownFileType = sourcecode.swift; path = IdentifierGenerator.swift; sourceTree = "<group>"; };
		146215281FA47A530027B092 /* ConversationsListAssembly.swift */ = {isa = PBXFileReference; lastKnownFileType = sourcecode.swift; path = ConversationsListAssembly.swift; sourceTree = "<group>"; };
		1477E8091FA794F700EE0ED5 /* ProfileAssembly.swift */ = {isa = PBXFileReference; lastKnownFileType = sourcecode.swift; path = ProfileAssembly.swift; sourceTree = "<group>"; };
		147FBB651FACE31A001101AE /* Model.xcdatamodel */ = {isa = PBXFileReference; lastKnownFileType = wrapper.xcdatamodel; path = Model.xcdatamodel; sourceTree = "<group>"; };
		147FBB681FACF41A001101AE /* AppUser.swift */ = {isa = PBXFileReference; lastKnownFileType = sourcecode.swift; path = AppUser.swift; sourceTree = "<group>"; };
		147FBB6A1FACF81B001101AE /* User.swift */ = {isa = PBXFileReference; lastKnownFileType = sourcecode.swift; path = User.swift; sourceTree = "<group>"; };
		148965001FCBF0E9000D0478 /* ConversationTitleLabel.swift */ = {isa = PBXFileReference; lastKnownFileType = sourcecode.swift; path = ConversationTitleLabel.swift; sourceTree = "<group>"; };
		148965021FCC2D12000D0478 /* EmittingWindow.swift */ = {isa = PBXFileReference; lastKnownFileType = sourcecode.swift; path = EmittingWindow.swift; sourceTree = "<group>"; };
		148965051FCC2E25000D0478 /* Emitter.swift */ = {isa = PBXFileReference; lastKnownFileType = sourcecode.swift; path = Emitter.swift; sourceTree = "<group>"; };
		148FA89D1F86B9D200888C3E /* DesignableImageView.swift */ = {isa = PBXFileReference; lastKnownFileType = sourcecode.swift; path = DesignableImageView.swift; sourceTree = "<group>"; };
		1493CB6B1F72CBA800C544E9 /* TinkoffChat.app */ = {isa = PBXFileReference; explicitFileType = wrapper.application; includeInIndex = 0; path = TinkoffChat.app; sourceTree = BUILT_PRODUCTS_DIR; };
		1493CB6E1F72CBA900C544E9 /* AppDelegate.swift */ = {isa = PBXFileReference; lastKnownFileType = sourcecode.swift; path = AppDelegate.swift; sourceTree = "<group>"; };
		1493CB731F72CBA900C544E9 /* Base */ = {isa = PBXFileReference; lastKnownFileType = file.storyboard; name = Base; path = Base.lproj/Profile.storyboard; sourceTree = "<group>"; };
		1493CB751F72CBA900C544E9 /* Assets.xcassets */ = {isa = PBXFileReference; lastKnownFileType = folder.assetcatalog; path = Assets.xcassets; sourceTree = "<group>"; };
		1493CB781F72CBA900C544E9 /* Base */ = {isa = PBXFileReference; lastKnownFileType = file.storyboard; name = Base; path = Base.lproj/LaunchScreen.storyboard; sourceTree = "<group>"; };
		1493CB7A1F72CBA900C544E9 /* Info.plist */ = {isa = PBXFileReference; lastKnownFileType = text.plist.xml; path = Info.plist; sourceTree = "<group>"; };
		1493CB801F72D1A800C544E9 /* Media.xcassets */ = {isa = PBXFileReference; lastKnownFileType = folder.assetcatalog; path = Media.xcassets; sourceTree = "<group>"; };
		14A756001FA3A96F00F42106 /* RootAssembly.swift */ = {isa = PBXFileReference; lastKnownFileType = sourcecode.swift; path = RootAssembly.swift; sourceTree = "<group>"; };
		14A756091FA3BED800F42106 /* MessageEncoder.swift */ = {isa = PBXFileReference; lastKnownFileType = sourcecode.swift; path = MessageEncoder.swift; sourceTree = "<group>"; };
		14A7560B1FA3C03600F42106 /* MessageHandler.swift */ = {isa = PBXFileReference; lastKnownFileType = sourcecode.swift; path = MessageHandler.swift; sourceTree = "<group>"; };
		14A7560F1FA3CA1000F42106 /* MessageDecoder.swift */ = {isa = PBXFileReference; fileEncoding = 4; lastKnownFileType = sourcecode.swift; path = MessageDecoder.swift; sourceTree = "<group>"; };
		14ABB0EA1FA66B4C0077D42E /* Date+Extensions.swift */ = {isa = PBXFileReference; lastKnownFileType = sourcecode.swift; path = "Date+Extensions.swift"; sourceTree = "<group>"; };
		14AC4F141FB9CC81006DDFFB /* FetchedResultsConversationHelper.swift */ = {isa = PBXFileReference; lastKnownFileType = sourcecode.swift; path = FetchedResultsConversationHelper.swift; sourceTree = "<group>"; };
		14AC4F161FB9CF88006DDFFB /* FetchedResultsConversationListHelper.swift */ = {isa = PBXFileReference; lastKnownFileType = sourcecode.swift; path = FetchedResultsConversationListHelper.swift; sourceTree = "<group>"; };
		14ACCB6B1FA6100500B9F79F /* ConversationsListModel.swift */ = {isa = PBXFileReference; lastKnownFileType = sourcecode.swift; path = ConversationsListModel.swift; sourceTree = "<group>"; };
		14B2EADD1FABAF8100421528 /* CoreDataStack.swift */ = {isa = PBXFileReference; lastKnownFileType = sourcecode.swift; path = CoreDataStack.swift; sourceTree = "<group>"; };
		14B2FC831FAF440F00302AD1 /* StorageManager.swift */ = {isa = PBXFileReference; lastKnownFileType = sourcecode.swift; path = StorageManager.swift; sourceTree = "<group>"; };
		14B50CB21F7C10AF004E5E81 /* ProfileViewController.swift */ = {isa = PBXFileReference; lastKnownFileType = sourcecode.swift; path = ProfileViewController.swift; sourceTree = "<group>"; };
		14E6B05C1FBE145800FCD310 /* IRequest.swift */ = {isa = PBXFileReference; lastKnownFileType = sourcecode.swift; path = IRequest.swift; sourceTree = "<group>"; };
		14E6B05E1FBE145F00FCD310 /* AnyParser.swift */ = {isa = PBXFileReference; lastKnownFileType = sourcecode.swift; path = AnyParser.swift; sourceTree = "<group>"; };
		14E6B0631FBE166600FCD310 /* IRequestSender.swift */ = {isa = PBXFileReference; lastKnownFileType = sourcecode.swift; path = IRequestSender.swift; sourceTree = "<group>"; };
		14E6B0651FBECCEB00FCD310 /* RequestSender.swift */ = {isa = PBXFileReference; lastKnownFileType = sourcecode.swift; path = RequestSender.swift; sourceTree = "<group>"; };
		14E6B0671FBED1B500FCD310 /* PixabayAPIRequest.swift */ = {isa = PBXFileReference; lastKnownFileType = sourcecode.swift; path = PixabayAPIRequest.swift; sourceTree = "<group>"; };
		14E6B0691FBEDD3500FCD310 /* PixabayImageListRequest.swift */ = {isa = PBXFileReference; lastKnownFileType = sourcecode.swift; path = PixabayImageListRequest.swift; sourceTree = "<group>"; };
		14E6B06B1FBEE88200FCD310 /* RequestsFactory.swift */ = {isa = PBXFileReference; lastKnownFileType = sourcecode.swift; path = RequestsFactory.swift; sourceTree = "<group>"; };
		14E6B06D1FBEE95300FCD310 /* PixabayImageListParser.swift */ = {isa = PBXFileReference; lastKnownFileType = sourcecode.swift; path = PixabayImageListParser.swift; sourceTree = "<group>"; };
		14E6B06F1FBF1EAE00FCD310 /* ProfileImageLoaderService.swift */ = {isa = PBXFileReference; lastKnownFileType = sourcecode.swift; path = ProfileImageLoaderService.swift; sourceTree = "<group>"; };
		14E6B0761FC01E7D00FCD310 /* ProfileImagePickerViewController.swift */ = {isa = PBXFileReference; lastKnownFileType = sourcecode.swift; path = ProfileImagePickerViewController.swift; sourceTree = "<group>"; };
		14E6B0781FC01E8A00FCD310 /* ProfileImagePickerModel.swift */ = {isa = PBXFileReference; lastKnownFileType = sourcecode.swift; path = ProfileImagePickerModel.swift; sourceTree = "<group>"; };
		14E6B07A1FC01F2800FCD310 /* ProfileImagePicker.storyboard */ = {isa = PBXFileReference; lastKnownFileType = file.storyboard; path = ProfileImagePicker.storyboard; sourceTree = "<group>"; };
		14E6B07C1FC020D500FCD310 /* ProfileImageCell.swift */ = {isa = PBXFileReference; lastKnownFileType = sourcecode.swift; path = ProfileImageCell.swift; sourceTree = "<group>"; };
		14E6B0821FC041F900FCD310 /* ProfileImagePickerAssembly.swift */ = {isa = PBXFileReference; lastKnownFileType = sourcecode.swift; path = ProfileImagePickerAssembly.swift; sourceTree = "<group>"; };
		14E6B0841FC0570D00FCD310 /* LoadImageRequest.swift */ = {isa = PBXFileReference; lastKnownFileType = sourcecode.swift; path = LoadImageRequest.swift; sourceTree = "<group>"; };
		14E6B0861FC0581700FCD310 /* PixabayLoadImageParser.swift */ = {isa = PBXFileReference; lastKnownFileType = sourcecode.swift; path = PixabayLoadImageParser.swift; sourceTree = "<group>"; };
		14EF57131FB8941800ACC8DD /* ConversationStorageService.swift */ = {isa = PBXFileReference; lastKnownFileType = sourcecode.swift; path = ConversationStorageService.swift; sourceTree = "<group>"; };
		14EF57171FB8A83200ACC8DD /* Message.swift */ = {isa = PBXFileReference; lastKnownFileType = sourcecode.swift; path = Message.swift; sourceTree = "<group>"; };
		14EFBD411F8AE5D200228E4B /* ConversationCell.swift */ = {isa = PBXFileReference; lastKnownFileType = sourcecode.swift; path = ConversationCell.swift; sourceTree = "<group>"; };
		14F132FD1FA73A2700D0228C /* ProfileViewModel.swift */ = {isa = PBXFileReference; lastKnownFileType = sourcecode.swift; path = ProfileViewModel.swift; sourceTree = "<group>"; };
		14F133031FA7416000D0228C /* ProfileStorageModel.swift */ = {isa = PBXFileReference; lastKnownFileType = sourcecode.swift; path = ProfileStorageModel.swift; sourceTree = "<group>"; };
		14F133071FA7427200D0228C /* ProfileStorageService.swift */ = {isa = PBXFileReference; lastKnownFileType = sourcecode.swift; path = ProfileStorageService.swift; sourceTree = "<group>"; };
/* End PBXFileReference section */

/* Begin PBXFrameworksBuildPhase section */
		1493CB681F72CBA800C544E9 /* Frameworks */ = {
			isa = PBXFrameworksBuildPhase;
			buildActionMask = 2147483647;
			files = (
			);
			runOnlyForDeploymentPostprocessing = 0;
		};
/* End PBXFrameworksBuildPhase section */

/* Begin PBXGroup section */
		1436B5B71F8188A80099E508 /* Designables */ = {
			isa = PBXGroup;
			children = (
				140D1B701F810E3A006F2AEA /* DesignableCorners.swift */,
				1436B5B31F815C670099E508 /* DesignableBorder.swift */,
				1442AE5B1F9398EF0016CC3A /* DesignableBackgroundColor.swift */,
			);
			path = Designables;
			sourceTree = "<group>";
		};
		1436B5B81F8188B80099E508 /* Components */ = {
			isa = PBXGroup;
			children = (
				140D1B721F810F78006F2AEA /* DesignableButton.swift */,
				148FA89D1F86B9D200888C3E /* DesignableImageView.swift */,
				140A90461F86B17C007C3F85 /* CustomKerningLabel.swift */,
				1402053B1F99D25100E833CB /* SendMessageTextView.swift */,
			);
			path = Components;
			sourceTree = "<group>";
		};
		1436B5B91F8188C20099E508 /* UI Elements */ = {
			isa = PBXGroup;
			children = (
				1436B5B71F8188A80099E508 /* Designables */,
				1436B5B81F8188B80099E508 /* Components */,
			);
			path = "UI Elements";
			sourceTree = "<group>";
		};
		1451083F1F92AC050094CADD /* Controller */ = {
			isa = PBXGroup;
			children = (
				1440E77A1F86A50E0000A1F1 /* ConversationViewController.swift */,
				1459634B1F9924A200091DF2 /* SendMessageViewController.swift */,
			);
			path = Controller;
			sourceTree = "<group>";
		};
		145108401F92ADE50094CADD /* View */ = {
			isa = PBXGroup;
			children = (
				14EFBD411F8AE5D200228E4B /* ConversationCell.swift */,
				1440E77C1F86A5F10000A1F1 /* ConversationCellConfiguration.swift */,
			);
			path = View;
			sourceTree = "<group>";
		};
		145108411F92ADED0094CADD /* Model */ = {
			isa = PBXGroup;
			children = (
				14ACCB6B1FA6100500B9F79F /* ConversationsListModel.swift */,
				14AC4F161FB9CF88006DDFFB /* FetchedResultsConversationListHelper.swift */,
			);
			path = Model;
			sourceTree = "<group>";
		};
		145108421F92ADFB0094CADD /* Controller */ = {
			isa = PBXGroup;
			children = (
				1440E7771F86A47F0000A1F1 /* ConversationsListViewController.swift */,
			);
			path = Controller;
			sourceTree = "<group>";
		};
		145108431F92AE160094CADD /* Model */ = {
			isa = PBXGroup;
			children = (
				14484ED41FA4DA09008113E8 /* IConversationModel.swift */,
				14484ED81FA4DF85008113E8 /* ConversationModel.swift */,
				14AC4F141FB9CC81006DDFFB /* FetchedResultsConversationHelper.swift */,
			);
			path = Model;
			sourceTree = "<group>";
		};
		145108441F92AE1D0094CADD /* View */ = {
			isa = PBXGroup;
			children = (
				144D53D71F87798C002D0764 /* MessageCell.swift */,
				141CC2BF1FC9D3A400FB2AC3 /* SendButton.swift */,
				148965001FCBF0E9000D0478 /* ConversationTitleLabel.swift */,
			);
			path = View;
			sourceTree = "<group>";
		};
		146381D41FBADB64002FA1E1 /* MO Extensions */ = {
			isa = PBXGroup;
			children = (
				147FBB681FACF41A001101AE /* AppUser.swift */,
				147FBB6A1FACF81B001101AE /* User.swift */,
				145D4BD51FB605E00046D1E4 /* Conversation.swift */,
				14EF57171FB8A83200ACC8DD /* Message.swift */,
			);
			path = "MO Extensions";
			sourceTree = "<group>";
		};
		148965041FCC2DFF000D0478 /* Additions */ = {
			isa = PBXGroup;
			children = (
				148965021FCC2D12000D0478 /* EmittingWindow.swift */,
				148965051FCC2E25000D0478 /* Emitter.swift */,
			);
			path = Additions;
			sourceTree = "<group>";
		};
		1493CB621F72CBA800C544E9 = {
			isa = PBXGroup;
			children = (
				1493CB6D1F72CBA800C544E9 /* TinkoffChat */,
				1493CB6C1F72CBA800C544E9 /* Products */,
			);
			sourceTree = "<group>";
		};
		1493CB6C1F72CBA800C544E9 /* Products */ = {
			isa = PBXGroup;
			children = (
				1493CB6B1F72CBA800C544E9 /* TinkoffChat.app */,
			);
			name = Products;
			sourceTree = "<group>";
		};
		1493CB6D1F72CBA800C544E9 /* TinkoffChat */ = {
			isa = PBXGroup;
			children = (
				14A756051FA3B02A00F42106 /* Core Layer */,
				14A756141FA3D3C300F42106 /* Service Layer */,
				14A756021FA3AB2F00F42106 /* Presentation Layer */,
				14ABB0E91FA66B3B0077D42E /* Extensions */,
				1493CB6E1F72CBA900C544E9 /* AppDelegate.swift */,
				14A756001FA3A96F00F42106 /* RootAssembly.swift */,
				1493CB801F72D1A800C544E9 /* Media.xcassets */,
				1493CB751F72CBA900C544E9 /* Assets.xcassets */,
				1493CB771F72CBA900C544E9 /* LaunchScreen.storyboard */,
				1493CB7A1F72CBA900C544E9 /* Info.plist */,
			);
			path = TinkoffChat;
			sourceTree = "<group>";
		};
		14A756021FA3AB2F00F42106 /* Presentation Layer */ = {
			isa = PBXGroup;
			children = (
				14A756031FA3AB5B00F42106 /* Modules */,
				148965041FCC2DFF000D0478 /* Additions */,
				1436B5B91F8188C20099E508 /* UI Elements */,
			);
			path = "Presentation Layer";
			sourceTree = "<group>";
		};
		14A756031FA3AB5B00F42106 /* Modules */ = {
			isa = PBXGroup;
			children = (
				14A756131FA3D36C00F42106 /* Conversation */,
				14A756121FA3D33100F42106 /* Conversation List */,
				14A756041FA3AB8100F42106 /* Profile */,
				14E6B0751FC01E4C00FCD310 /* ProfileImagePicker */,
			);
			path = Modules;
			sourceTree = "<group>";
		};
		14A756041FA3AB8100F42106 /* Profile */ = {
			isa = PBXGroup;
			children = (
				14B50CB21F7C10AF004E5E81 /* ProfileViewController.swift */,
				1436B5B51F8169950099E508 /* ProfileImageButton.swift */,
				14F132FD1FA73A2700D0228C /* ProfileViewModel.swift */,
				145108481F92AE920094CADD /* ProfileModel.swift */,
				1477E8091FA794F700EE0ED5 /* ProfileAssembly.swift */,
				1493CB721F72CBA900C544E9 /* Profile.storyboard */,
			);
			path = Profile;
			sourceTree = "<group>";
		};
		14A756051FA3B02A00F42106 /* Core Layer */ = {
			isa = PBXGroup;
			children = (
				14E6B05B1FBE141A00FCD310 /* Networking */,
				14A756111FA3D06700F42106 /* Storage */,
				14A756061FA3B03A00F42106 /* Multipeer Communicator */,
				145D4BD91FB60D630046D1E4 /* IdentifierGenerator.swift */,
			);
			path = "Core Layer";
			sourceTree = "<group>";
		};
		14A756061FA3B03A00F42106 /* Multipeer Communicator */ = {
			isa = PBXGroup;
			children = (
				1459633E1F98D2E600091DF2 /* ICommunicator.swift */,
				145963421F98D52A00091DF2 /* MultipeerCommunicator.swift */,
				14A7560B1FA3C03600F42106 /* MessageHandler.swift */,
				14A756091FA3BED800F42106 /* MessageEncoder.swift */,
				14A7560F1FA3CA1000F42106 /* MessageDecoder.swift */,
			);
			path = "Multipeer Communicator";
			sourceTree = "<group>";
		};
		14A756111FA3D06700F42106 /* Storage */ = {
			isa = PBXGroup;
			children = (
				146381D41FBADB64002FA1E1 /* MO Extensions */,
				14B2EADD1FABAF8100421528 /* CoreDataStack.swift */,
				14F133031FA7416000D0228C /* ProfileStorageModel.swift */,
				14B2FC831FAF440F00302AD1 /* StorageManager.swift */,
				147FBB641FACE31A001101AE /* Model.xcdatamodeld */,
			);
			path = Storage;
			sourceTree = "<group>";
		};
		14A756121FA3D33100F42106 /* Conversation List */ = {
			isa = PBXGroup;
			children = (
				145108411F92ADED0094CADD /* Model */,
				145108421F92ADFB0094CADD /* Controller */,
				145108401F92ADE50094CADD /* View */,
				146215281FA47A530027B092 /* ConversationsListAssembly.swift */,
				1440E7811F86AB8E0000A1F1 /* ConversationsList.storyboard */,
			);
			path = "Conversation List";
			sourceTree = "<group>";
		};
		14A756131FA3D36C00F42106 /* Conversation */ = {
			isa = PBXGroup;
			children = (
				145108431F92AE160094CADD /* Model */,
				1451083F1F92AC050094CADD /* Controller */,
				145108441F92AE1D0094CADD /* View */,
				14484ED61FA4DEA5008113E8 /* ConversationAssembly.swift */,
				144D53D51F8771FB002D0764 /* Conversation.storyboard */,
			);
			path = Conversation;
			sourceTree = "<group>";
		};
		14A756141FA3D3C300F42106 /* Service Layer */ = {
			isa = PBXGroup;
			children = (
				145963481F98E25D00091DF2 /* CommunicationService.swift */,
				14F133071FA7427200D0228C /* ProfileStorageService.swift */,
				14EF57131FB8941800ACC8DD /* ConversationStorageService.swift */,
				14E6B06F1FBF1EAE00FCD310 /* ProfileImageLoaderService.swift */,
			);
			path = "Service Layer";
			sourceTree = "<group>";
		};
		14ABB0E91FA66B3B0077D42E /* Extensions */ = {
			isa = PBXGroup;
			children = (
				14ABB0EA1FA66B4C0077D42E /* Date+Extensions.swift */,
			);
			path = Extensions;
			sourceTree = "<group>";
		};
		14E6B05B1FBE141A00FCD310 /* Networking */ = {
			isa = PBXGroup;
			children = (
				14E6B0621FBE165300FCD310 /* RequestManager */,
				14E6B0601FBE163F00FCD310 /* Requests */,
				14E6B0611FBE164600FCD310 /* Parsers */,
				14E6B06B1FBEE88200FCD310 /* RequestsFactory.swift */,
			);
			path = Networking;
			sourceTree = "<group>";
		};
		14E6B0601FBE163F00FCD310 /* Requests */ = {
			isa = PBXGroup;
			children = (
				14E6B05C1FBE145800FCD310 /* IRequest.swift */,
				14E6B0671FBED1B500FCD310 /* PixabayAPIRequest.swift */,
				14E6B0691FBEDD3500FCD310 /* PixabayImageListRequest.swift */,
				14E6B0841FC0570D00FCD310 /* LoadImageRequest.swift */,
			);
			path = Requests;
			sourceTree = "<group>";
		};
		14E6B0611FBE164600FCD310 /* Parsers */ = {
			isa = PBXGroup;
			children = (
				14E6B05E1FBE145F00FCD310 /* AnyParser.swift */,
				14E6B06D1FBEE95300FCD310 /* PixabayImageListParser.swift */,
				14E6B0861FC0581700FCD310 /* PixabayLoadImageParser.swift */,
			);
			path = Parsers;
			sourceTree = "<group>";
		};
		14E6B0621FBE165300FCD310 /* RequestManager */ = {
			isa = PBXGroup;
			children = (
				14E6B0631FBE166600FCD310 /* IRequestSender.swift */,
				14E6B0651FBECCEB00FCD310 /* RequestSender.swift */,
			);
			path = RequestManager;
			sourceTree = "<group>";
		};
		14E6B0751FC01E4C00FCD310 /* ProfileImagePicker */ = {
			isa = PBXGroup;
			children = (
				14E6B0761FC01E7D00FCD310 /* ProfileImagePickerViewController.swift */,
				14E6B07C1FC020D500FCD310 /* ProfileImageCell.swift */,
				14E6B0781FC01E8A00FCD310 /* ProfileImagePickerModel.swift */,
				14E6B0821FC041F900FCD310 /* ProfileImagePickerAssembly.swift */,
				14E6B07A1FC01F2800FCD310 /* ProfileImagePicker.storyboard */,
			);
			path = ProfileImagePicker;
			sourceTree = "<group>";
		};
/* End PBXGroup section */

/* Begin PBXNativeTarget section */
		1493CB6A1F72CBA800C544E9 /* TinkoffChat */ = {
			isa = PBXNativeTarget;
			buildConfigurationList = 1493CB7D1F72CBA900C544E9 /* Build configuration list for PBXNativeTarget "TinkoffChat" */;
			buildPhases = (
				1493CB671F72CBA800C544E9 /* Sources */,
				1493CB681F72CBA800C544E9 /* Frameworks */,
				1493CB691F72CBA800C544E9 /* Resources */,
			);
			buildRules = (
			);
			dependencies = (
			);
			name = TinkoffChat;
			productName = TinkoffChat;
			productReference = 1493CB6B1F72CBA800C544E9 /* TinkoffChat.app */;
			productType = "com.apple.product-type.application";
		};
/* End PBXNativeTarget section */

/* Begin PBXProject section */
		1493CB631F72CBA800C544E9 /* Project object */ = {
			isa = PBXProject;
			attributes = {
				LastSwiftUpdateCheck = 0900;
				LastUpgradeCheck = 0900;
				ORGANIZATIONNAME = com.nikitaborodulin;
				TargetAttributes = {
					1493CB6A1F72CBA800C544E9 = {
						CreatedOnToolsVersion = 9.0;
						ProvisioningStyle = Automatic;
					};
				};
			};
			buildConfigurationList = 1493CB661F72CBA800C544E9 /* Build configuration list for PBXProject "TinkoffChat" */;
			compatibilityVersion = "Xcode 8.0";
			developmentRegion = en;
			hasScannedForEncodings = 0;
			knownRegions = (
				en,
				Base,
			);
			mainGroup = 1493CB621F72CBA800C544E9;
			productRefGroup = 1493CB6C1F72CBA800C544E9 /* Products */;
			projectDirPath = "";
			projectRoot = "";
			targets = (
				1493CB6A1F72CBA800C544E9 /* TinkoffChat */,
			);
		};
/* End PBXProject section */

/* Begin PBXResourcesBuildPhase section */
		1493CB691F72CBA800C544E9 /* Resources */ = {
			isa = PBXResourcesBuildPhase;
			buildActionMask = 2147483647;
			files = (
				1440E7821F86AB8E0000A1F1 /* ConversationsList.storyboard in Resources */,
				1493CB791F72CBA900C544E9 /* LaunchScreen.storyboard in Resources */,
				1493CB761F72CBA900C544E9 /* Assets.xcassets in Resources */,
				144D53D61F8771FB002D0764 /* Conversation.storyboard in Resources */,
				14E6B07B1FC01F2800FCD310 /* ProfileImagePicker.storyboard in Resources */,
				1493CB811F72D1A800C544E9 /* Media.xcassets in Resources */,
				1493CB741F72CBA900C544E9 /* Profile.storyboard in Resources */,
			);
			runOnlyForDeploymentPostprocessing = 0;
		};
/* End PBXResourcesBuildPhase section */

/* Begin PBXSourcesBuildPhase section */
		1493CB671F72CBA800C544E9 /* Sources */ = {
			isa = PBXSourcesBuildPhase;
			buildActionMask = 2147483647;
			files = (
				1459634C1F9924A200091DF2 /* SendMessageViewController.swift in Sources */,
				1436B5B61F8169950099E508 /* ProfileImageButton.swift in Sources */,
				148965061FCC2E25000D0478 /* Emitter.swift in Sources */,
				14E6B06E1FBEE95300FCD310 /* PixabayImageListParser.swift in Sources */,
				14E6B0661FBECCEB00FCD310 /* RequestSender.swift in Sources */,
				145963431F98D52A00091DF2 /* MultipeerCommunicator.swift in Sources */,
				1459633F1F98D2E600091DF2 /* ICommunicator.swift in Sources */,
				14484ED51FA4DA09008113E8 /* IConversationModel.swift in Sources */,
				147FBB661FACE31A001101AE /* Model.xcdatamodeld in Sources */,
				14E6B05F1FBE145F00FCD310 /* AnyParser.swift in Sources */,
				14E6B0851FC0570D00FCD310 /* LoadImageRequest.swift in Sources */,
				14EF57181FB8A83200ACC8DD /* Message.swift in Sources */,
				145D4BDA1FB60D630046D1E4 /* IdentifierGenerator.swift in Sources */,
				14B2EADE1FABAF8100421528 /* CoreDataStack.swift in Sources */,
				1440E77D1F86A5F10000A1F1 /* ConversationCellConfiguration.swift in Sources */,
				14F133041FA7416000D0228C /* ProfileStorageModel.swift in Sources */,
				140A90471F86B17C007C3F85 /* CustomKerningLabel.swift in Sources */,
				1402053C1F99D25100E833CB /* SendMessageTextView.swift in Sources */,
				14ACCB6C1FA6100500B9F79F /* ConversationsListModel.swift in Sources */,
				14A756101FA3CA1000F42106 /* MessageDecoder.swift in Sources */,
				14E6B0681FBED1B500FCD310 /* PixabayAPIRequest.swift in Sources */,
				1436B5B41F815C670099E508 /* DesignableBorder.swift in Sources */,
				14B2FC841FAF440F00302AD1 /* StorageManager.swift in Sources */,
				14E6B0641FBE166600FCD310 /* IRequestSender.swift in Sources */,
				14E6B06A1FBEDD3500FCD310 /* PixabayImageListRequest.swift in Sources */,
				1440E77B1F86A50E0000A1F1 /* ConversationViewController.swift in Sources */,
				140D1B711F810E3A006F2AEA /* DesignableCorners.swift in Sources */,
				14E6B06C1FBEE88200FCD310 /* RequestsFactory.swift in Sources */,
				145963491F98E25D00091DF2 /* CommunicationService.swift in Sources */,
				14E6B0791FC01E8A00FCD310 /* ProfileImagePickerModel.swift in Sources */,
				14E6B0871FC0581700FCD310 /* PixabayLoadImageParser.swift in Sources */,
				145D4BD61FB605E00046D1E4 /* Conversation.swift in Sources */,
				14EF57141FB8941800ACC8DD /* ConversationStorageService.swift in Sources */,
				14F133081FA7427200D0228C /* ProfileStorageService.swift in Sources */,
				14B50CB31F7C10AF004E5E81 /* ProfileViewController.swift in Sources */,
				148965031FCC2D12000D0478 /* EmittingWindow.swift in Sources */,
				14EFBD421F8AE5D200228E4B /* ConversationCell.swift in Sources */,
				145108491F92AE920094CADD /* ProfileModel.swift in Sources */,
				147FBB6B1FACF81B001101AE /* User.swift in Sources */,
				14E6B07D1FC020D500FCD310 /* ProfileImageCell.swift in Sources */,
				148FA89E1F86B9D200888C3E /* DesignableImageView.swift in Sources */,
				1493CB6F1F72CBA900C544E9 /* AppDelegate.swift in Sources */,
				1440E7781F86A47F0000A1F1 /* ConversationsListViewController.swift in Sources */,
				14484ED71FA4DEA5008113E8 /* ConversationAssembly.swift in Sources */,
				14484ED91FA4DF85008113E8 /* ConversationModel.swift in Sources */,
				14A756011FA3A96F00F42106 /* RootAssembly.swift in Sources */,
				141CC2C01FC9D3A400FB2AC3 /* SendButton.swift in Sources */,
				14E6B0771FC01E7D00FCD310 /* ProfileImagePickerViewController.swift in Sources */,
				14E6B0831FC041F900FCD310 /* ProfileImagePickerAssembly.swift in Sources */,
				14E6B05D1FBE145800FCD310 /* IRequest.swift in Sources */,
				14A7560A1FA3BED800F42106 /* MessageEncoder.swift in Sources */,
				14ABB0EB1FA66B4C0077D42E /* Date+Extensions.swift in Sources */,
				140D1B731F810F78006F2AEA /* DesignableButton.swift in Sources */,
				147FBB691FACF41A001101AE /* AppUser.swift in Sources */,
				14AC4F151FB9CC81006DDFFB /* FetchedResultsConversationHelper.swift in Sources */,
				14E6B0701FBF1EAE00FCD310 /* ProfileImageLoaderService.swift in Sources */,
				1477E80A1FA794F700EE0ED5 /* ProfileAssembly.swift in Sources */,
				14F132FE1FA73A2700D0228C /* ProfileViewModel.swift in Sources */,
				144D53D81F87798C002D0764 /* MessageCell.swift in Sources */,
				146215291FA47A530027B092 /* ConversationsListAssembly.swift in Sources */,
				148965011FCBF0E9000D0478 /* ConversationTitleLabel.swift in Sources */,
				14AC4F171FB9CF88006DDFFB /* FetchedResultsConversationListHelper.swift in Sources */,
				14A7560C1FA3C03600F42106 /* MessageHandler.swift in Sources */,
				1442AE5C1F9398EF0016CC3A /* DesignableBackgroundColor.swift in Sources */,
			);
			runOnlyForDeploymentPostprocessing = 0;
		};
/* End PBXSourcesBuildPhase section */

/* Begin PBXVariantGroup section */
		1493CB721F72CBA900C544E9 /* Profile.storyboard */ = {
			isa = PBXVariantGroup;
			children = (
				1493CB731F72CBA900C544E9 /* Base */,
			);
			name = Profile.storyboard;
			sourceTree = "<group>";
		};
		1493CB771F72CBA900C544E9 /* LaunchScreen.storyboard */ = {
			isa = PBXVariantGroup;
			children = (
				1493CB781F72CBA900C544E9 /* Base */,
			);
			name = LaunchScreen.storyboard;
			sourceTree = "<group>";
		};
/* End PBXVariantGroup section */

/* Begin XCBuildConfiguration section */
		1493CB7B1F72CBA900C544E9 /* Debug */ = {
			isa = XCBuildConfiguration;
			buildSettings = {
				ALWAYS_SEARCH_USER_PATHS = NO;
				CLANG_ANALYZER_NONNULL = YES;
				CLANG_ANALYZER_NUMBER_OBJECT_CONVERSION = YES_AGGRESSIVE;
				CLANG_CXX_LANGUAGE_STANDARD = "gnu++14";
				CLANG_CXX_LIBRARY = "libc++";
				CLANG_ENABLE_MODULES = YES;
				CLANG_ENABLE_OBJC_ARC = YES;
				CLANG_WARN_BLOCK_CAPTURE_AUTORELEASING = YES;
				CLANG_WARN_BOOL_CONVERSION = YES;
				CLANG_WARN_COMMA = YES;
				CLANG_WARN_CONSTANT_CONVERSION = YES;
				CLANG_WARN_DIRECT_OBJC_ISA_USAGE = YES_ERROR;
				CLANG_WARN_DOCUMENTATION_COMMENTS = YES;
				CLANG_WARN_EMPTY_BODY = YES;
				CLANG_WARN_ENUM_CONVERSION = YES;
				CLANG_WARN_INFINITE_RECURSION = YES;
				CLANG_WARN_INT_CONVERSION = YES;
				CLANG_WARN_NON_LITERAL_NULL_CONVERSION = YES;
				CLANG_WARN_OBJC_LITERAL_CONVERSION = YES;
				CLANG_WARN_OBJC_ROOT_CLASS = YES_ERROR;
				CLANG_WARN_RANGE_LOOP_ANALYSIS = YES;
				CLANG_WARN_STRICT_PROTOTYPES = YES;
				CLANG_WARN_SUSPICIOUS_MOVE = YES;
				CLANG_WARN_UNGUARDED_AVAILABILITY = YES_AGGRESSIVE;
				CLANG_WARN_UNREACHABLE_CODE = YES;
				CLANG_WARN__DUPLICATE_METHOD_MATCH = YES;
				CODE_SIGN_IDENTITY = "iPhone Developer";
				COPY_PHASE_STRIP = NO;
				DEBUG_INFORMATION_FORMAT = dwarf;
				ENABLE_STRICT_OBJC_MSGSEND = YES;
				ENABLE_TESTABILITY = YES;
				GCC_C_LANGUAGE_STANDARD = gnu11;
				GCC_DYNAMIC_NO_PIC = NO;
				GCC_NO_COMMON_BLOCKS = YES;
				GCC_OPTIMIZATION_LEVEL = 0;
				GCC_PREPROCESSOR_DEFINITIONS = (
					"DEBUG=1",
					"$(inherited)",
				);
				GCC_WARN_64_TO_32_BIT_CONVERSION = YES;
				GCC_WARN_ABOUT_RETURN_TYPE = YES_ERROR;
				GCC_WARN_UNDECLARED_SELECTOR = YES;
				GCC_WARN_UNINITIALIZED_AUTOS = YES_AGGRESSIVE;
				GCC_WARN_UNUSED_FUNCTION = YES;
				GCC_WARN_UNUSED_VARIABLE = YES;
				IPHONEOS_DEPLOYMENT_TARGET = 11.0;
				MTL_ENABLE_DEBUG_INFO = YES;
				ONLY_ACTIVE_ARCH = YES;
				SDKROOT = iphoneos;
				SWIFT_ACTIVE_COMPILATION_CONDITIONS = DEBUG;
				SWIFT_OPTIMIZATION_LEVEL = "-Onone";
			};
			name = Debug;
		};
		1493CB7C1F72CBA900C544E9 /* Release */ = {
			isa = XCBuildConfiguration;
			buildSettings = {
				ALWAYS_SEARCH_USER_PATHS = NO;
				CLANG_ANALYZER_NONNULL = YES;
				CLANG_ANALYZER_NUMBER_OBJECT_CONVERSION = YES_AGGRESSIVE;
				CLANG_CXX_LANGUAGE_STANDARD = "gnu++14";
				CLANG_CXX_LIBRARY = "libc++";
				CLANG_ENABLE_MODULES = YES;
				CLANG_ENABLE_OBJC_ARC = YES;
				CLANG_WARN_BLOCK_CAPTURE_AUTORELEASING = YES;
				CLANG_WARN_BOOL_CONVERSION = YES;
				CLANG_WARN_COMMA = YES;
				CLANG_WARN_CONSTANT_CONVERSION = YES;
				CLANG_WARN_DIRECT_OBJC_ISA_USAGE = YES_ERROR;
				CLANG_WARN_DOCUMENTATION_COMMENTS = YES;
				CLANG_WARN_EMPTY_BODY = YES;
				CLANG_WARN_ENUM_CONVERSION = YES;
				CLANG_WARN_INFINITE_RECURSION = YES;
				CLANG_WARN_INT_CONVERSION = YES;
				CLANG_WARN_NON_LITERAL_NULL_CONVERSION = YES;
				CLANG_WARN_OBJC_LITERAL_CONVERSION = YES;
				CLANG_WARN_OBJC_ROOT_CLASS = YES_ERROR;
				CLANG_WARN_RANGE_LOOP_ANALYSIS = YES;
				CLANG_WARN_STRICT_PROTOTYPES = YES;
				CLANG_WARN_SUSPICIOUS_MOVE = YES;
				CLANG_WARN_UNGUARDED_AVAILABILITY = YES_AGGRESSIVE;
				CLANG_WARN_UNREACHABLE_CODE = YES;
				CLANG_WARN__DUPLICATE_METHOD_MATCH = YES;
				CODE_SIGN_IDENTITY = "iPhone Developer";
				COPY_PHASE_STRIP = NO;
				DEBUG_INFORMATION_FORMAT = "dwarf-with-dsym";
				ENABLE_NS_ASSERTIONS = NO;
				ENABLE_STRICT_OBJC_MSGSEND = YES;
				GCC_C_LANGUAGE_STANDARD = gnu11;
				GCC_NO_COMMON_BLOCKS = YES;
				GCC_WARN_64_TO_32_BIT_CONVERSION = YES;
				GCC_WARN_ABOUT_RETURN_TYPE = YES_ERROR;
				GCC_WARN_UNDECLARED_SELECTOR = YES;
				GCC_WARN_UNINITIALIZED_AUTOS = YES_AGGRESSIVE;
				GCC_WARN_UNUSED_FUNCTION = YES;
				GCC_WARN_UNUSED_VARIABLE = YES;
				IPHONEOS_DEPLOYMENT_TARGET = 11.0;
				MTL_ENABLE_DEBUG_INFO = NO;
				SDKROOT = iphoneos;
				SWIFT_OPTIMIZATION_LEVEL = "-Owholemodule";
				VALIDATE_PRODUCT = YES;
			};
			name = Release;
		};
		1493CB7E1F72CBA900C544E9 /* Debug */ = {
			isa = XCBuildConfiguration;
			buildSettings = {
				ASSETCATALOG_COMPILER_APPICON_NAME = AppIcon;
				CODE_SIGN_STYLE = Automatic;
				DEVELOPMENT_TEAM = 5393MUFBLF;
				INFOPLIST_FILE = TinkoffChat/Info.plist;
				LD_RUNPATH_SEARCH_PATHS = "$(inherited) @executable_path/Frameworks";
				PRODUCT_BUNDLE_IDENTIFIER = com.nikitaborodulin.TinkoffChat;
				PRODUCT_NAME = "$(TARGET_NAME)";
				SWIFT_VERSION = 4.0;
				TARGETED_DEVICE_FAMILY = "1,2";
			};
			name = Debug;
		};
		1493CB7F1F72CBA900C544E9 /* Release */ = {
			isa = XCBuildConfiguration;
			buildSettings = {
				ASSETCATALOG_COMPILER_APPICON_NAME = AppIcon;
				CODE_SIGN_STYLE = Automatic;
				DEVELOPMENT_TEAM = 5393MUFBLF;
				INFOPLIST_FILE = TinkoffChat/Info.plist;
				LD_RUNPATH_SEARCH_PATHS = "$(inherited) @executable_path/Frameworks";
				PRODUCT_BUNDLE_IDENTIFIER = com.nikitaborodulin.TinkoffChat;
				PRODUCT_NAME = "$(TARGET_NAME)";
				SWIFT_VERSION = 4.0;
				TARGETED_DEVICE_FAMILY = "1,2";
			};
			name = Release;
		};
/* End XCBuildConfiguration section */

/* Begin XCConfigurationList section */
		1493CB661F72CBA800C544E9 /* Build configuration list for PBXProject "TinkoffChat" */ = {
			isa = XCConfigurationList;
			buildConfigurations = (
				1493CB7B1F72CBA900C544E9 /* Debug */,
				1493CB7C1F72CBA900C544E9 /* Release */,
			);
			defaultConfigurationIsVisible = 0;
			defaultConfigurationName = Release;
		};
		1493CB7D1F72CBA900C544E9 /* Build configuration list for PBXNativeTarget "TinkoffChat" */ = {
			isa = XCConfigurationList;
			buildConfigurations = (
				1493CB7E1F72CBA900C544E9 /* Debug */,
				1493CB7F1F72CBA900C544E9 /* Release */,
			);
			defaultConfigurationIsVisible = 0;
			defaultConfigurationName = Release;
		};
/* End XCConfigurationList section */

/* Begin XCVersionGroup section */
		147FBB641FACE31A001101AE /* Model.xcdatamodeld */ = {
			isa = XCVersionGroup;
			children = (
				147FBB651FACE31A001101AE /* Model.xcdatamodel */,
			);
			currentVersion = 147FBB651FACE31A001101AE /* Model.xcdatamodel */;
			path = Model.xcdatamodeld;
			sourceTree = "<group>";
			versionGroupType = wrapper.xcdatamodel;
		};
/* End XCVersionGroup section */
	};
	rootObject = 1493CB631F72CBA800C544E9 /* Project object */;
}
